// !$*UTF8*$!
{
	archiveVersion = 1;
	classes = {
	};
	objectVersion = 63;
	objects = {

/* Begin PBXBuildFile section */
		21F4DDB62CA9AAD9008B3589 /* Assets.xcassets in Resources */ = {isa = PBXBuildFile; fileRef = 21F4DD952CA9AAD9008B3589 /* Assets.xcassets */; };
		21F4DDB82CA9AAD9008B3589 /* LaunchScreen.storyboard in Resources */ = {isa = PBXBuildFile; fileRef = 21F4DDB32CA9AAD9008B3589 /* LaunchScreen.storyboard */; };
		21F4DDB92CA9AAD9008B3589 /* CommitCell.swift in Sources */ = {isa = PBXBuildFile; fileRef = 21F4DD972CA9AAD9008B3589 /* CommitCell.swift */; };
		21F4DDBA2CA9AAD9008B3589 /* GistCell.swift in Sources */ = {isa = PBXBuildFile; fileRef = 21F4DD982CA9AAD9008B3589 /* GistCell.swift */; };
		21F4DDBB2CA9AAD9008B3589 /* GistFileCell.swift in Sources */ = {isa = PBXBuildFile; fileRef = 21F4DD992CA9AAD9008B3589 /* GistFileCell.swift */; };
		21F4DDBC2CA9AAD9008B3589 /* ImageCache.swift in Sources */ = {isa = PBXBuildFile; fileRef = 21F4DD9B2CA9AAD9008B3589 /* ImageCache.swift */; };
		21F4DDBD2CA9AAD9008B3589 /* ImageCache+.swift in Sources */ = {isa = PBXBuildFile; fileRef = 21F4DD9D2CA9AAD9008B3589 /* ImageCache+.swift */; };
		21F4DDBE2CA9AAD9008B3589 /* Commit.swift in Sources */ = {isa = PBXBuildFile; fileRef = 21F4DDA02CA9AAD9008B3589 /* Commit.swift */; };
		21F4DDBF2CA9AAD9008B3589 /* Gist.swift in Sources */ = {isa = PBXBuildFile; fileRef = 21F4DDA22CA9AAD9008B3589 /* Gist.swift */; };
		21F4DDC02CA9AAD9008B3589 /* GistFile.swift in Sources */ = {isa = PBXBuildFile; fileRef = 21F4DDA32CA9AAD9008B3589 /* GistFile.swift */; };
		21F4DDC12CA9AAD9008B3589 /* Owner.swift in Sources */ = {isa = PBXBuildFile; fileRef = 21F4DDA42CA9AAD9008B3589 /* Owner.swift */; };
		21F4DDC22CA9AAD9008B3589 /* NetworkService.swift in Sources */ = {isa = PBXBuildFile; fileRef = 21F4DDA72CA9AAD9008B3589 /* NetworkService.swift */; };
		21F4DDC32CA9AAD9008B3589 /* GistDetailViewController.swift in Sources */ = {isa = PBXBuildFile; fileRef = 21F4DDA92CA9AAD9008B3589 /* GistDetailViewController.swift */; };
		21F4DDC42CA9AAD9008B3589 /* GistListViewController.swift in Sources */ = {isa = PBXBuildFile; fileRef = 21F4DDAA2CA9AAD9008B3589 /* GistListViewController.swift */; };
		21F4DDC52CA9AAD9008B3589 /* WebViewController.swift in Sources */ = {isa = PBXBuildFile; fileRef = 21F4DDAB2CA9AAD9008B3589 /* WebViewController.swift */; };
		21F4DDC62CA9AAD9008B3589 /* GistDetailViewModel.swift in Sources */ = {isa = PBXBuildFile; fileRef = 21F4DDAD2CA9AAD9008B3589 /* GistDetailViewModel.swift */; };
		21F4DDC72CA9AAD9008B3589 /* GistListViewModel.swift in Sources */ = {isa = PBXBuildFile; fileRef = 21F4DDAE2CA9AAD9008B3589 /* GistListViewModel.swift */; };
		21F4DDC82CA9AAD9008B3589 /* AppDelegate.swift in Sources */ = {isa = PBXBuildFile; fileRef = 21F4DDB02CA9AAD9008B3589 /* AppDelegate.swift */; };
		21F4DDC92CA9AAD9008B3589 /* SceneDelegate.swift in Sources */ = {isa = PBXBuildFile; fileRef = 21F4DDB42CA9AAD9008B3589 /* SceneDelegate.swift */; };
/* End PBXBuildFile section */

/* Begin PBXFileReference section */
		212B91502CA6C15B009F9344 /* GitHub-Gists-list.app */ = {isa = PBXFileReference; explicitFileType = wrapper.application; includeInIndex = 0; path = "GitHub-Gists-list.app"; sourceTree = BUILT_PRODUCTS_DIR; };
		21F4DD952CA9AAD9008B3589 /* Assets.xcassets */ = {isa = PBXFileReference; lastKnownFileType = folder.assetcatalog; path = Assets.xcassets; sourceTree = "<group>"; };
		21F4DD972CA9AAD9008B3589 /* CommitCell.swift */ = {isa = PBXFileReference; lastKnownFileType = sourcecode.swift; path = CommitCell.swift; sourceTree = "<group>"; };
		21F4DD982CA9AAD9008B3589 /* GistCell.swift */ = {isa = PBXFileReference; lastKnownFileType = sourcecode.swift; path = GistCell.swift; sourceTree = "<group>"; };
		21F4DD992CA9AAD9008B3589 /* GistFileCell.swift */ = {isa = PBXFileReference; lastKnownFileType = sourcecode.swift; path = GistFileCell.swift; sourceTree = "<group>"; };
		21F4DD9B2CA9AAD9008B3589 /* ImageCache.swift */ = {isa = PBXFileReference; lastKnownFileType = sourcecode.swift; path = ImageCache.swift; sourceTree = "<group>"; };
		21F4DD9D2CA9AAD9008B3589 /* ImageCache+.swift */ = {isa = PBXFileReference; lastKnownFileType = sourcecode.swift; path = "ImageCache+.swift"; sourceTree = "<group>"; };
		21F4DDA02CA9AAD9008B3589 /* Commit.swift */ = {isa = PBXFileReference; lastKnownFileType = sourcecode.swift; path = Commit.swift; sourceTree = "<group>"; };
		21F4DDA22CA9AAD9008B3589 /* Gist.swift */ = {isa = PBXFileReference; lastKnownFileType = sourcecode.swift; path = Gist.swift; sourceTree = "<group>"; };
		21F4DDA32CA9AAD9008B3589 /* GistFile.swift */ = {isa = PBXFileReference; lastKnownFileType = sourcecode.swift; path = GistFile.swift; sourceTree = "<group>"; };
		21F4DDA42CA9AAD9008B3589 /* Owner.swift */ = {isa = PBXFileReference; lastKnownFileType = sourcecode.swift; path = Owner.swift; sourceTree = "<group>"; };
		21F4DDA72CA9AAD9008B3589 /* NetworkService.swift */ = {isa = PBXFileReference; lastKnownFileType = sourcecode.swift; path = NetworkService.swift; sourceTree = "<group>"; };
		21F4DDA92CA9AAD9008B3589 /* GistDetailViewController.swift */ = {isa = PBXFileReference; lastKnownFileType = sourcecode.swift; path = GistDetailViewController.swift; sourceTree = "<group>"; };
		21F4DDAA2CA9AAD9008B3589 /* GistListViewController.swift */ = {isa = PBXFileReference; lastKnownFileType = sourcecode.swift; path = GistListViewController.swift; sourceTree = "<group>"; };
		21F4DDAB2CA9AAD9008B3589 /* WebViewController.swift */ = {isa = PBXFileReference; lastKnownFileType = sourcecode.swift; path = WebViewController.swift; sourceTree = "<group>"; };
		21F4DDAD2CA9AAD9008B3589 /* GistDetailViewModel.swift */ = {isa = PBXFileReference; lastKnownFileType = sourcecode.swift; path = GistDetailViewModel.swift; sourceTree = "<group>"; };
		21F4DDAE2CA9AAD9008B3589 /* GistListViewModel.swift */ = {isa = PBXFileReference; lastKnownFileType = sourcecode.swift; path = GistListViewModel.swift; sourceTree = "<group>"; };
		21F4DDB02CA9AAD9008B3589 /* AppDelegate.swift */ = {isa = PBXFileReference; lastKnownFileType = sourcecode.swift; path = AppDelegate.swift; sourceTree = "<group>"; };
		21F4DDB12CA9AAD9008B3589 /* Info.plist */ = {isa = PBXFileReference; lastKnownFileType = text.plist.xml; path = Info.plist; sourceTree = "<group>"; };
		21F4DDB22CA9AAD9008B3589 /* Base */ = {isa = PBXFileReference; lastKnownFileType = file.storyboard; name = Base; path = Base.lproj/LaunchScreen.storyboard; sourceTree = "<group>"; };
		21F4DDB42CA9AAD9008B3589 /* SceneDelegate.swift */ = {isa = PBXFileReference; lastKnownFileType = sourcecode.swift; path = SceneDelegate.swift; sourceTree = "<group>"; };
/* End PBXFileReference section */

/* Begin PBXFrameworksBuildPhase section */
		212B914D2CA6C15B009F9344 /* Frameworks */ = {
			isa = PBXFrameworksBuildPhase;
			buildActionMask = 2147483647;
			files = (
			);
			runOnlyForDeploymentPostprocessing = 0;
		};
/* End PBXFrameworksBuildPhase section */

/* Begin PBXGroup section */
		212B91472CA6C15B009F9344 = {
			isa = PBXGroup;
			children = (
				21F4DDB52CA9AAD9008B3589 /* GitHub-Gists-list */,
				212B91512CA6C15B009F9344 /* Products */,
			);
			sourceTree = "<group>";
		};
		212B91512CA6C15B009F9344 /* Products */ = {
			isa = PBXGroup;
			children = (
				212B91502CA6C15B009F9344 /* GitHub-Gists-list.app */,
			);
			name = Products;
			sourceTree = "<group>";
		};
		21F4DD962CA9AAD9008B3589 /* Assets */ = {
			isa = PBXGroup;
			children = (
				21F4DD952CA9AAD9008B3589 /* Assets.xcassets */,
			);
			path = Assets;
			sourceTree = "<group>";
		};
		21F4DD9A2CA9AAD9008B3589 /* Cells */ = {
			isa = PBXGroup;
			children = (
				21F4DD972CA9AAD9008B3589 /* CommitCell.swift */,
				21F4DD982CA9AAD9008B3589 /* GistCell.swift */,
				21F4DD992CA9AAD9008B3589 /* GistFileCell.swift */,
			);
			path = Cells;
			sourceTree = "<group>";
		};
		21F4DD9C2CA9AAD9008B3589 /* ImageCache */ = {
			isa = PBXGroup;
			children = (
				21F4DD9B2CA9AAD9008B3589 /* ImageCache.swift */,
			);
			path = ImageCache;
			sourceTree = "<group>";
		};
		21F4DD9E2CA9AAD9008B3589 /* String */ = {
			isa = PBXGroup;
			children = (
				21F4DD9D2CA9AAD9008B3589 /* ImageCache+.swift */,
			);
			path = String;
			sourceTree = "<group>";
		};
		21F4DD9F2CA9AAD9008B3589 /* Extensions */ = {
			isa = PBXGroup;
			children = (
				21F4DD9A2CA9AAD9008B3589 /* Cells */,
				21F4DD9C2CA9AAD9008B3589 /* ImageCache */,
				21F4DD9E2CA9AAD9008B3589 /* String */,
			);
			path = Extensions;
			sourceTree = "<group>";
		};
		21F4DDA12CA9AAD9008B3589 /* Commits */ = {
			isa = PBXGroup;
			children = (
				21F4DDA02CA9AAD9008B3589 /* Commit.swift */,
			);
			path = Commits;
			sourceTree = "<group>";
		};
		21F4DDA52CA9AAD9008B3589 /* Gists */ = {
			isa = PBXGroup;
			children = (
				21F4DDA22CA9AAD9008B3589 /* Gist.swift */,
				21F4DDA32CA9AAD9008B3589 /* GistFile.swift */,
				21F4DDA42CA9AAD9008B3589 /* Owner.swift */,
			);
			path = Gists;
			sourceTree = "<group>";
		};
		21F4DDA62CA9AAD9008B3589 /* Models */ = {
			isa = PBXGroup;
			children = (
				21F4DDA12CA9AAD9008B3589 /* Commits */,
				21F4DDA52CA9AAD9008B3589 /* Gists */,
			);
			path = Models;
			sourceTree = "<group>";
		};
		21F4DDA82CA9AAD9008B3589 /* Services */ = {
			isa = PBXGroup;
			children = (
				21F4DDA72CA9AAD9008B3589 /* NetworkService.swift */,
			);
			path = Services;
			sourceTree = "<group>";
		};
		21F4DDAC2CA9AAD9008B3589 /* ViewControllers */ = {
			isa = PBXGroup;
			children = (
				21F4DDA92CA9AAD9008B3589 /* GistDetailViewController.swift */,
				21F4DDAA2CA9AAD9008B3589 /* GistListViewController.swift */,
				21F4DDAB2CA9AAD9008B3589 /* WebViewController.swift */,
			);
			path = ViewControllers;
			sourceTree = "<group>";
		};
		21F4DDAF2CA9AAD9008B3589 /* Viewmodels */ = {
			isa = PBXGroup;
			children = (
				21F4DDAD2CA9AAD9008B3589 /* GistDetailViewModel.swift */,
				21F4DDAE2CA9AAD9008B3589 /* GistListViewModel.swift */,
			);
			path = Viewmodels;
			sourceTree = "<group>";
		};
		21F4DDB52CA9AAD9008B3589 /* GitHub-Gists-list */ = {
			isa = PBXGroup;
			children = (
				21F4DD962CA9AAD9008B3589 /* Assets */,
				21F4DD9F2CA9AAD9008B3589 /* Extensions */,
				21F4DDA62CA9AAD9008B3589 /* Models */,
				21F4DDA82CA9AAD9008B3589 /* Services */,
				21F4DDAC2CA9AAD9008B3589 /* ViewControllers */,
				21F4DDAF2CA9AAD9008B3589 /* Viewmodels */,
				21F4DDB02CA9AAD9008B3589 /* AppDelegate.swift */,
				21F4DDB12CA9AAD9008B3589 /* Info.plist */,
				21F4DDB32CA9AAD9008B3589 /* LaunchScreen.storyboard */,
				21F4DDB42CA9AAD9008B3589 /* SceneDelegate.swift */,
			);
			path = "GitHub-Gists-list";
			sourceTree = "<group>";
		};
/* End PBXGroup section */

/* Begin PBXNativeTarget section */
		212B914F2CA6C15B009F9344 /* GitHub-Gists-list */ = {
			isa = PBXNativeTarget;
			buildConfigurationList = 212B91632CA6C15C009F9344 /* Build configuration list for PBXNativeTarget "GitHub-Gists-list" */;
			buildPhases = (
				212B914C2CA6C15B009F9344 /* Sources */,
				212B914D2CA6C15B009F9344 /* Frameworks */,
				212B914E2CA6C15B009F9344 /* Resources */,
			);
			buildRules = (
			);
			dependencies = (
			);
			name = "GitHub-Gists-list";
			packageProductDependencies = (
			);
			productName = "GitHub-Gists-list";
			productReference = 212B91502CA6C15B009F9344 /* GitHub-Gists-list.app */;
			productType = "com.apple.product-type.application";
		};
/* End PBXNativeTarget section */

/* Begin PBXProject section */
		212B91482CA6C15B009F9344 /* Project object */ = {
			isa = PBXProject;
			attributes = {
				BuildIndependentTargetsInParallel = 1;
				LastSwiftUpdateCheck = 1600;
				LastUpgradeCheck = 1600;
				TargetAttributes = {
					212B914F2CA6C15B009F9344 = {
						CreatedOnToolsVersion = 16.0;
					};
				};
			};
			buildConfigurationList = 212B914B2CA6C15B009F9344 /* Build configuration list for PBXProject "GitHub-Gists-list" */;
			compatibilityVersion = "Xcode 15.3";
			developmentRegion = en;
			hasScannedForEncodings = 0;
			knownRegions = (
				en,
				Base,
			);
			mainGroup = 212B91472CA6C15B009F9344;
			minimizedProjectReferenceProxies = 1;
			productRefGroup = 212B91512CA6C15B009F9344 /* Products */;
			projectDirPath = "";
			projectRoot = "";
			targets = (
				212B914F2CA6C15B009F9344 /* GitHub-Gists-list */,
			);
		};
/* End PBXProject section */

/* Begin PBXResourcesBuildPhase section */
		212B914E2CA6C15B009F9344 /* Resources */ = {
			isa = PBXResourcesBuildPhase;
			buildActionMask = 2147483647;
			files = (
				21F4DDB62CA9AAD9008B3589 /* Assets.xcassets in Resources */,
				21F4DDB82CA9AAD9008B3589 /* LaunchScreen.storyboard in Resources */,
			);
			runOnlyForDeploymentPostprocessing = 0;
		};
/* End PBXResourcesBuildPhase section */

/* Begin PBXSourcesBuildPhase section */
		212B914C2CA6C15B009F9344 /* Sources */ = {
			isa = PBXSourcesBuildPhase;
			buildActionMask = 2147483647;
			files = (
				21F4DDB92CA9AAD9008B3589 /* CommitCell.swift in Sources */,
				21F4DDBA2CA9AAD9008B3589 /* GistCell.swift in Sources */,
				21F4DDBB2CA9AAD9008B3589 /* GistFileCell.swift in Sources */,
				21F4DDBC2CA9AAD9008B3589 /* ImageCache.swift in Sources */,
				21F4DDBD2CA9AAD9008B3589 /* ImageCache+.swift in Sources */,
				21F4DDBE2CA9AAD9008B3589 /* Commit.swift in Sources */,
				21F4DDBF2CA9AAD9008B3589 /* Gist.swift in Sources */,
				21F4DDC02CA9AAD9008B3589 /* GistFile.swift in Sources */,
				21F4DDC12CA9AAD9008B3589 /* Owner.swift in Sources */,
				21F4DDC22CA9AAD9008B3589 /* NetworkService.swift in Sources */,
				21F4DDC32CA9AAD9008B3589 /* GistDetailViewController.swift in Sources */,
				21F4DDC42CA9AAD9008B3589 /* GistListViewController.swift in Sources */,
				21F4DDC52CA9AAD9008B3589 /* WebViewController.swift in Sources */,
				21F4DDC62CA9AAD9008B3589 /* GistDetailViewModel.swift in Sources */,
				21F4DDC72CA9AAD9008B3589 /* GistListViewModel.swift in Sources */,
				21F4DDC82CA9AAD9008B3589 /* AppDelegate.swift in Sources */,
				21F4DDC92CA9AAD9008B3589 /* SceneDelegate.swift in Sources */,
			);
			runOnlyForDeploymentPostprocessing = 0;
		};
/* End PBXSourcesBuildPhase section */

/* Begin PBXVariantGroup section */
		21F4DDB32CA9AAD9008B3589 /* LaunchScreen.storyboard */ = {
			isa = PBXVariantGroup;
			children = (
				21F4DDB22CA9AAD9008B3589 /* Base */,
			);
			name = LaunchScreen.storyboard;
			sourceTree = "<group>";
		};
/* End PBXVariantGroup section */

/* Begin XCBuildConfiguration section */
		212B91642CA6C15C009F9344 /* Debug */ = {
			isa = XCBuildConfiguration;
			buildSettings = {
				ASSETCATALOG_COMPILER_APPICON_NAME = AppIcon;
				ASSETCATALOG_COMPILER_GLOBAL_ACCENT_COLOR_NAME = AccentColor;
				CODE_SIGN_STYLE = Automatic;
				CURRENT_PROJECT_VERSION = 1;
				DEVELOPMENT_TEAM = QN6RC23FCQ;
				GENERATE_INFOPLIST_FILE = YES;
				INFOPLIST_FILE = "GitHub-Gists-list/Info.plist";
				INFOPLIST_KEY_CFBundleDisplayName = "Gists list";
				INFOPLIST_KEY_UIApplicationSupportsIndirectInputEvents = YES;
				INFOPLIST_KEY_UILaunchStoryboardName = LaunchScreen;
				INFOPLIST_KEY_UISupportedInterfaceOrientations = UIInterfaceOrientationPortrait;
				LD_RUNPATH_SEARCH_PATHS = (
					"$(inherited)",
					"@executable_path/Frameworks",
				);
				MARKETING_VERSION = 1.0;
				PRODUCT_BUNDLE_IDENTIFIER = "ruslanparastaev.GitHub-Gists-list";
				PRODUCT_NAME = "$(TARGET_NAME)";
				SWIFT_EMIT_LOC_STRINGS = YES;
				SWIFT_VERSION = 5.0;
				TARGETED_DEVICE_FAMILY = "1,2";
			};
			name = Debug;
		};
		212B91652CA6C15C009F9344 /* Release */ = {
			isa = XCBuildConfiguration;
			buildSettings = {
				ASSETCATALOG_COMPILER_APPICON_NAME = AppIcon;
				ASSETCATALOG_COMPILER_GLOBAL_ACCENT_COLOR_NAME = AccentColor;
				CODE_SIGN_STYLE = Automatic;
				CURRENT_PROJECT_VERSION = 1;
				DEVELOPMENT_TEAM = QN6RC23FCQ;
				GENERATE_INFOPLIST_FILE = YES;
				INFOPLIST_FILE = "GitHub-Gists-list/Info.plist";
				INFOPLIST_KEY_CFBundleDisplayName = "Gists list";
				INFOPLIST_KEY_UIApplicationSupportsIndirectInputEvents = YES;
				INFOPLIST_KEY_UILaunchStoryboardName = LaunchScreen;
				INFOPLIST_KEY_UISupportedInterfaceOrientations = UIInterfaceOrientationPortrait;
				LD_RUNPATH_SEARCH_PATHS = (
					"$(inherited)",
					"@executable_path/Frameworks",
				);
				MARKETING_VERSION = 1.0;
				PRODUCT_BUNDLE_IDENTIFIER = "ruslanparastaev.GitHub-Gists-list";
				PRODUCT_NAME = "$(TARGET_NAME)";
				SWIFT_EMIT_LOC_STRINGS = YES;
				SWIFT_VERSION = 5.0;
				TARGETED_DEVICE_FAMILY = "1,2";
			};
			name = Release;
		};
		212B91662CA6C15C009F9344 /* Debug */ = {
			isa = XCBuildConfiguration;
			buildSettings = {
				ALWAYS_SEARCH_USER_PATHS = NO;
				ASSETCATALOG_COMPILER_GENERATE_SWIFT_ASSET_SYMBOL_EXTENSIONS = YES;
				CLANG_ANALYZER_NONNULL = YES;
				CLANG_ANALYZER_NUMBER_OBJECT_CONVERSION = YES_AGGRESSIVE;
				CLANG_CXX_LANGUAGE_STANDARD = "gnu++20";
				CLANG_ENABLE_MODULES = YES;
				CLANG_ENABLE_OBJC_ARC = YES;
				CLANG_ENABLE_OBJC_WEAK = YES;
				CLANG_WARN_BLOCK_CAPTURE_AUTORELEASING = YES;
				CLANG_WARN_BOOL_CONVERSION = YES;
				CLANG_WARN_COMMA = YES;
				CLANG_WARN_CONSTANT_CONVERSION = YES;
				CLANG_WARN_DEPRECATED_OBJC_IMPLEMENTATIONS = YES;
				CLANG_WARN_DIRECT_OBJC_ISA_USAGE = YES_ERROR;
				CLANG_WARN_DOCUMENTATION_COMMENTS = YES;
				CLANG_WARN_EMPTY_BODY = YES;
				CLANG_WARN_ENUM_CONVERSION = YES;
				CLANG_WARN_INFINITE_RECURSION = YES;
				CLANG_WARN_INT_CONVERSION = YES;
				CLANG_WARN_NON_LITERAL_NULL_CONVERSION = YES;
				CLANG_WARN_OBJC_IMPLICIT_RETAIN_SELF = YES;
				CLANG_WARN_OBJC_LITERAL_CONVERSION = YES;
				CLANG_WARN_OBJC_ROOT_CLASS = YES_ERROR;
				CLANG_WARN_QUOTED_INCLUDE_IN_FRAMEWORK_HEADER = YES;
				CLANG_WARN_RANGE_LOOP_ANALYSIS = YES;
				CLANG_WARN_STRICT_PROTOTYPES = YES;
				CLANG_WARN_SUSPICIOUS_MOVE = YES;
				CLANG_WARN_UNGUARDED_AVAILABILITY = YES_AGGRESSIVE;
				CLANG_WARN_UNREACHABLE_CODE = YES;
				CLANG_WARN__DUPLICATE_METHOD_MATCH = YES;
				COPY_PHASE_STRIP = NO;
				DEBUG_INFORMATION_FORMAT = dwarf;
				ENABLE_STRICT_OBJC_MSGSEND = YES;
				ENABLE_TESTABILITY = YES;
				ENABLE_USER_SCRIPT_SANDBOXING = YES;
				GCC_C_LANGUAGE_STANDARD = gnu17;
				GCC_DYNAMIC_NO_PIC = NO;
				GCC_NO_COMMON_BLOCKS = YES;
				GCC_OPTIMIZATION_LEVEL = 0;
				GCC_PREPROCESSOR_DEFINITIONS = (
					"DEBUG=1",
					"$(inherited)",
				);
				GCC_WARN_64_TO_32_BIT_CONVERSION = YES;
				GCC_WARN_ABOUT_RETURN_TYPE = YES_ERROR;
				GCC_WARN_UNDECLARED_SELECTOR = YES;
				GCC_WARN_UNINITIALIZED_AUTOS = YES_AGGRESSIVE;
				GCC_WARN_UNUSED_FUNCTION = YES;
				GCC_WARN_UNUSED_VARIABLE = YES;
				IPHONEOS_DEPLOYMENT_TARGET = 15.6;
				LOCALIZATION_PREFERS_STRING_CATALOGS = YES;
				MTL_ENABLE_DEBUG_INFO = INCLUDE_SOURCE;
				MTL_FAST_MATH = YES;
				ONLY_ACTIVE_ARCH = YES;
				SDKROOT = iphoneos;
				SWIFT_ACTIVE_COMPILATION_CONDITIONS = "DEBUG $(inherited)";
				SWIFT_OPTIMIZATION_LEVEL = "-Onone";
			};
			name = Debug;
		};
		212B91672CA6C15C009F9344 /* Release */ = {
			isa = XCBuildConfiguration;
			buildSettings = {
				ALWAYS_SEARCH_USER_PATHS = NO;
				ASSETCATALOG_COMPILER_GENERATE_SWIFT_ASSET_SYMBOL_EXTENSIONS = YES;
				CLANG_ANALYZER_NONNULL = YES;
				CLANG_ANALYZER_NUMBER_OBJECT_CONVERSION = YES_AGGRESSIVE;
				CLANG_CXX_LANGUAGE_STANDARD = "gnu++20";
				CLANG_ENABLE_MODULES = YES;
				CLANG_ENABLE_OBJC_ARC = YES;
				CLANG_ENABLE_OBJC_WEAK = YES;
				CLANG_WARN_BLOCK_CAPTURE_AUTORELEASING = YES;
				CLANG_WARN_BOOL_CONVERSION = YES;
				CLANG_WARN_COMMA = YES;
				CLANG_WARN_CONSTANT_CONVERSION = YES;
				CLANG_WARN_DEPRECATED_OBJC_IMPLEMENTATIONS = YES;
				CLANG_WARN_DIRECT_OBJC_ISA_USAGE = YES_ERROR;
				CLANG_WARN_DOCUMENTATION_COMMENTS = YES;
				CLANG_WARN_EMPTY_BODY = YES;
				CLANG_WARN_ENUM_CONVERSION = YES;
				CLANG_WARN_INFINITE_RECURSION = YES;
				CLANG_WARN_INT_CONVERSION = YES;
				CLANG_WARN_NON_LITERAL_NULL_CONVERSION = YES;
				CLANG_WARN_OBJC_IMPLICIT_RETAIN_SELF = YES;
				CLANG_WARN_OBJC_LITERAL_CONVERSION = YES;
				CLANG_WARN_OBJC_ROOT_CLASS = YES_ERROR;
				CLANG_WARN_QUOTED_INCLUDE_IN_FRAMEWORK_HEADER = YES;
				CLANG_WARN_RANGE_LOOP_ANALYSIS = YES;
				CLANG_WARN_STRICT_PROTOTYPES = YES;
				CLANG_WARN_SUSPICIOUS_MOVE = YES;
				CLANG_WARN_UNGUARDED_AVAILABILITY = YES_AGGRESSIVE;
				CLANG_WARN_UNREACHABLE_CODE = YES;
				CLANG_WARN__DUPLICATE_METHOD_MATCH = YES;
				COPY_PHASE_STRIP = NO;
				DEBUG_INFORMATION_FORMAT = "dwarf-with-dsym";
				ENABLE_NS_ASSERTIONS = NO;
				ENABLE_STRICT_OBJC_MSGSEND = YES;
				ENABLE_USER_SCRIPT_SANDBOXING = YES;
				GCC_C_LANGUAGE_STANDARD = gnu17;
				GCC_NO_COMMON_BLOCKS = YES;
				GCC_WARN_64_TO_32_BIT_CONVERSION = YES;
				GCC_WARN_ABOUT_RETURN_TYPE = YES_ERROR;
				GCC_WARN_UNDECLARED_SELECTOR = YES;
				GCC_WARN_UNINITIALIZED_AUTOS = YES_AGGRESSIVE;
				GCC_WARN_UNUSED_FUNCTION = YES;
				GCC_WARN_UNUSED_VARIABLE = YES;
				IPHONEOS_DEPLOYMENT_TARGET = 15.6;
				LOCALIZATION_PREFERS_STRING_CATALOGS = YES;
				MTL_ENABLE_DEBUG_INFO = NO;
				MTL_FAST_MATH = YES;
				SDKROOT = iphoneos;
				SWIFT_COMPILATION_MODE = wholemodule;
				VALIDATE_PRODUCT = YES;
			};
			name = Release;
		};
/* End XCBuildConfiguration section */

/* Begin XCConfigurationList section */
		212B914B2CA6C15B009F9344 /* Build configuration list for PBXProject "GitHub-Gists-list" */ = {
			isa = XCConfigurationList;
			buildConfigurations = (
				212B91662CA6C15C009F9344 /* Debug */,
				212B91672CA6C15C009F9344 /* Release */,
			);
			defaultConfigurationIsVisible = 0;
			defaultConfigurationName = Release;
		};
		212B91632CA6C15C009F9344 /* Build configuration list for PBXNativeTarget "GitHub-Gists-list" */ = {
			isa = XCConfigurationList;
			buildConfigurations = (
				212B91642CA6C15C009F9344 /* Debug */,
				212B91652CA6C15C009F9344 /* Release */,
			);
			defaultConfigurationIsVisible = 0;
			defaultConfigurationName = Release;
		};
/* End XCConfigurationList section */
	};
	rootObject = 212B91482CA6C15B009F9344 /* Project object */;
}
